
Microsoft Visual Studio Solution File, Format Version 12.00
# Visual Studio Version 17
VisualStudioVersion = 17.12.35527.113 d17.12
MinimumVisualStudioVersion = 10.0.40219.1
Project("{FAE04EC0-301F-11D3-BF4B-00C04F79EFBC}") = "FSServiceBaronessaHotel.Blazor.Server", "FSServiceBaronessaHotel.Blazor.Server\FSServiceBaronessaHotel.Blazor.Server.csproj", "{F2D609BE-A0E7-4EC0-9C81-3D4E237D1EE0}"
EndProject
Project("{FAE04EC0-301F-11D3-BF4B-00C04F79EFBC}") = "FSServiceBaronessaHotel.Module", "FSServiceBaronessaHotel.Module\FSServiceBaronessaHotel.Module.csproj", "{606FC9D0-B67D-4A1B-B306-70B9A5C87B79}"
EndProject
Project("{FAE04EC0-301F-11D3-BF4B-00C04F79EFBC}") = "FSServiceBaronessaHotel.Win", "FSServiceBaronessaHotel.Win\FSServiceBaronessaHotel.Win.csproj", "{EF2370E6-2A3B-45A4-A0D7-95941A4F759A}"
EndProject
Global
	GlobalSection(SolutionConfigurationPlatforms) = preSolution
		Debug|Any CPU = Debug|Any CPU
		EasyTest|Any CPU = EasyTest|Any CPU
		Release|Any CPU = Release|Any CPU
	EndGlobalSection
	GlobalSection(ProjectConfigurationPlatforms) = postSolution
		{F2D609BE-A0E7-4EC0-9C81-3D4E237D1EE0}.Debug|Any CPU.ActiveCfg = Debug|Any CPU
		{F2D609BE-A0E7-4EC0-9C81-3D4E237D1EE0}.Debug|Any CPU.Build.0 = Debug|Any CPU
		{F2D609BE-A0E7-4EC0-9C81-3D4E237D1EE0}.EasyTest|Any CPU.ActiveCfg = EasyTest|Any CPU
		{F2D609BE-A0E7-4EC0-9C81-3D4E237D1EE0}.EasyTest|Any CPU.Build.0 = EasyTest|Any CPU
		{F2D609BE-A0E7-4EC0-9C81-3D4E237D1EE0}.Release|Any CPU.ActiveCfg = Release|Any CPU
		{F2D609BE-A0E7-4EC0-9C81-3D4E237D1EE0}.Release|Any CPU.Build.0 = Release|Any CPU
		{606FC9D0-B67D-4A1B-B306-70B9A5C87B79}.Debug|Any CPU.ActiveCfg = Debug|Any CPU
		{606FC9D0-B67D-4A1B-B306-70B9A5C87B79}.Debug|Any CPU.Build.0 = Debug|Any CPU
		{606FC9D0-B67D-4A1B-B306-70B9A5C87B79}.EasyTest|Any CPU.ActiveCfg = EasyTest|Any CPU
		{606FC9D0-B67D-4A1B-B306-70B9A5C87B79}.EasyTest|Any CPU.Build.0 = EasyTest|Any CPU
		{606FC9D0-B67D-4A1B-B306-70B9A5C87B79}.Release|Any CPU.ActiveCfg = Release|Any CPU
		{606FC9D0-B67D-4A1B-B306-70B9A5C87B79}.Release|Any CPU.Build.0 = Release|Any CPU
		{EF2370E6-2A3B-45A4-A0D7-95941A4F759A}.Debug|Any CPU.ActiveCfg = Debug|Any CPU
		{EF2370E6-2A3B-45A4-A0D7-95941A4F759A}.Debug|Any CPU.Build.0 = Debug|Any CPU
		{EF2370E6-2A3B-45A4-A0D7-95941A4F759A}.EasyTest|Any CPU.ActiveCfg = EasyTest|Any CPU
		{EF2370E6-2A3B-45A4-A0D7-95941A4F759A}.EasyTest|Any CPU.Build.0 = EasyTest|Any CPU
		{EF2370E6-2A3B-45A4-A0D7-95941A4F759A}.Release|Any CPU.ActiveCfg = Release|Any CPU
		{EF2370E6-2A3B-45A4-A0D7-95941A4F759A}.Release|Any CPU.Build.0 = Release|Any CPU
	EndGlobalSection
	GlobalSection(SolutionProperties) = preSolution
		HideSolutionNode = FALSE
	EndGlobalSection
EndGlobal
